
Microsoft Visual Studio Solution File, Format Version 12.00
# Visual Studio Version 17
VisualStudioVersion = 17.0.31903.59
MinimumVisualStudioVersion = 10.0.40219.1
Project("{FAE04EC0-301F-11D3-BF4B-00C04F79EFBC}") = "LoadTest.Data", "LoadTest.Data\LoadTest.Data.csproj", "{F9402CEE-EC82-4EE4-B767-3D60BFD2B320}"
EndProject
Project("{FAE04EC0-301F-11D3-BF4B-00C04F79EFBC}") = "LoadTest.Console", "LoadTest.Console\LoadTest.Console.csproj", "{17BA4453-294D-4E4C-8D7C-3CBCE4A42F68}"
EndProject
Global
	GlobalSection(SolutionConfigurationPlatforms) = preSolution
		Debug|Any CPU = Debug|Any CPU
		Debug|x64 = Debug|x64
		Debug|x86 = Debug|x86
		Release|Any CPU = Release|Any CPU
		Release|x64 = Release|x64
		Release|x86 = Release|x86
	EndGlobalSection
	GlobalSection(ProjectConfigurationPlatforms) = postSolution
		{F9402CEE-EC82-4EE4-B767-3D60BFD2B320}.Debug|Any CPU.ActiveCfg = Debug|Any CPU
		{F9402CEE-EC82-4EE4-B767-3D60BFD2B320}.Debug|Any CPU.Build.0 = Debug|Any CPU
		{F9402CEE-EC82-4EE4-B767-3D60BFD2B320}.Debug|x64.ActiveCfg = Debug|Any CPU
		{F9402CEE-EC82-4EE4-B767-3D60BFD2B320}.Debug|x64.Build.0 = Debug|Any CPU
		{F9402CEE-EC82-4EE4-B767-3D60BFD2B320}.Debug|x86.ActiveCfg = Debug|Any CPU
		{F9402CEE-EC82-4EE4-B767-3D60BFD2B320}.Debug|x86.Build.0 = Debug|Any CPU
		{F9402CEE-EC82-4EE4-B767-3D60BFD2B320}.Release|Any CPU.ActiveCfg = Release|Any CPU
		{F9402CEE-EC82-4EE4-B767-3D60BFD2B320}.Release|Any CPU.Build.0 = Release|Any CPU
		{F9402CEE-EC82-4EE4-B767-3D60BFD2B320}.Release|x64.ActiveCfg = Release|Any CPU
		{F9402CEE-EC82-4EE4-B767-3D60BFD2B320}.Release|x64.Build.0 = Release|Any CPU
		{F9402CEE-EC82-4EE4-B767-3D60BFD2B320}.Release|x86.ActiveCfg = Release|Any CPU
		{F9402CEE-EC82-4EE4-B767-3D60BFD2B320}.Release|x86.Build.0 = Release|Any CPU
		{17BA4453-294D-4E4C-8D7C-3CBCE4A42F68}.Debug|Any CPU.ActiveCfg = Debug|Any CPU
		{17BA4453-294D-4E4C-8D7C-3CBCE4A42F68}.Debug|Any CPU.Build.0 = Debug|Any CPU
		{17BA4453-294D-4E4C-8D7C-3CBCE4A42F68}.Debug|x64.ActiveCfg = Debug|Any CPU
		{17BA4453-294D-4E4C-8D7C-3CBCE4A42F68}.Debug|x64.Build.0 = Debug|Any CPU
		{17BA4453-294D-4E4C-8D7C-3CBCE4A42F68}.Debug|x86.ActiveCfg = Debug|Any CPU
		{17BA4453-294D-4E4C-8D7C-3CBCE4A42F68}.Debug|x86.Build.0 = Debug|Any CPU
		{17BA4453-294D-4E4C-8D7C-3CBCE4A42F68}.Release|Any CPU.ActiveCfg = Release|Any CPU
		{17BA4453-294D-4E4C-8D7C-3CBCE4A42F68}.Release|Any CPU.Build.0 = Release|Any CPU
		{17BA4453-294D-4E4C-8D7C-3CBCE4A42F68}.Release|x64.ActiveCfg = Release|Any CPU
		{17BA4453-294D-4E4C-8D7C-3CBCE4A42F68}.Release|x64.Build.0 = Release|Any CPU
		{17BA4453-294D-4E4C-8D7C-3CBCE4A42F68}.Release|x86.ActiveCfg = Release|Any CPU
		{17BA4453-294D-4E4C-8D7C-3CBCE4A42F68}.Release|x86.Build.0 = Release|Any CPU
	EndGlobalSection
	GlobalSection(SolutionProperties) = preSolution
		HideSolutionNode = FALSE
	EndGlobalSection
EndGlobal
